// !$*UTF8*$!
{
	archiveVersion = 1;
	classes = {
	};
	objectVersion = 46;
	objects = {

/* Begin PBXBuildFile section */
		D0DFBC4E1DE7F2580073AF6C /* WebViewController.swift in Sources */ = {isa = PBXBuildFile; fileRef = D0DFBC4D1DE7F2580073AF6C /* WebViewController.swift */; };
		D0E337321DE7CD950096337B /* AppDelegate.swift in Sources */ = {isa = PBXBuildFile; fileRef = D0E337311DE7CD950096337B /* AppDelegate.swift */; };
		D0E337341DE7CD950096337B /* ViewController.swift in Sources */ = {isa = PBXBuildFile; fileRef = D0E337331DE7CD950096337B /* ViewController.swift */; };
		D0E337371DE7CD950096337B /* Main.storyboard in Resources */ = {isa = PBXBuildFile; fileRef = D0E337351DE7CD950096337B /* Main.storyboard */; };
		D0E3373A1DE7CD950096337B /* MyWebBookmarks.xcdatamodeld in Sources */ = {isa = PBXBuildFile; fileRef = D0E337381DE7CD950096337B /* MyWebBookmarks.xcdatamodeld */; };
		D0E3373C1DE7CD950096337B /* Assets.xcassets in Resources */ = {isa = PBXBuildFile; fileRef = D0E3373B1DE7CD950096337B /* Assets.xcassets */; };
		D0E3373F1DE7CD950096337B /* LaunchScreen.storyboard in Resources */ = {isa = PBXBuildFile; fileRef = D0E3373D1DE7CD950096337B /* LaunchScreen.storyboard */; };
		D0E337471DE7CE6A0096337B /* TableViewController.swift in Sources */ = {isa = PBXBuildFile; fileRef = D0E337461DE7CE6A0096337B /* TableViewController.swift */; };
/* End PBXBuildFile section */

/* Begin PBXFileReference section */
		D0DFBC4D1DE7F2580073AF6C /* WebViewController.swift */ = {isa = PBXFileReference; fileEncoding = 4; lastKnownFileType = sourcecode.swift; path = WebViewController.swift; sourceTree = "<group>"; };
		D0E3372E1DE7CD950096337B /* MyWebBookmarks.app */ = {isa = PBXFileReference; explicitFileType = wrapper.application; includeInIndex = 0; path = MyWebBookmarks.app; sourceTree = BUILT_PRODUCTS_DIR; };
		D0E337311DE7CD950096337B /* AppDelegate.swift */ = {isa = PBXFileReference; lastKnownFileType = sourcecode.swift; path = AppDelegate.swift; sourceTree = "<group>"; };
		D0E337331DE7CD950096337B /* ViewController.swift */ = {isa = PBXFileReference; lastKnownFileType = sourcecode.swift; path = ViewController.swift; sourceTree = "<group>"; };
		D0E337361DE7CD950096337B /* Base */ = {isa = PBXFileReference; lastKnownFileType = file.storyboard; name = Base; path = Base.lproj/Main.storyboard; sourceTree = "<group>"; };
		D0E337391DE7CD950096337B /* MyWebBookmarks.xcdatamodel */ = {isa = PBXFileReference; lastKnownFileType = wrapper.xcdatamodel; path = MyWebBookmarks.xcdatamodel; sourceTree = "<group>"; };
		D0E3373B1DE7CD950096337B /* Assets.xcassets */ = {isa = PBXFileReference; lastKnownFileType = folder.assetcatalog; path = Assets.xcassets; sourceTree = "<group>"; };
		D0E3373E1DE7CD950096337B /* Base */ = {isa = PBXFileReference; lastKnownFileType = file.storyboard; name = Base; path = Base.lproj/LaunchScreen.storyboard; sourceTree = "<group>"; };
		D0E337401DE7CD950096337B /* Info.plist */ = {isa = PBXFileReference; lastKnownFileType = text.plist.xml; path = Info.plist; sourceTree = "<group>"; };
		D0E337461DE7CE6A0096337B /* TableViewController.swift */ = {isa = PBXFileReference; fileEncoding = 4; lastKnownFileType = sourcecode.swift; path = TableViewController.swift; sourceTree = "<group>"; };
/* End PBXFileReference section */

/* Begin PBXFrameworksBuildPhase section */
		D0E3372B1DE7CD940096337B /* Frameworks */ = {
			isa = PBXFrameworksBuildPhase;
			buildActionMask = 2147483647;
			files = (
			);
			runOnlyForDeploymentPostprocessing = 0;
		};
/* End PBXFrameworksBuildPhase section */

/* Begin PBXGroup section */
		D0E337251DE7CD940096337B = {
			isa = PBXGroup;
			children = (
				D0E337301DE7CD950096337B /* MyWebBookmarks */,
				D0E3372F1DE7CD950096337B /* Products */,
			);
			sourceTree = "<group>";
		};
		D0E3372F1DE7CD950096337B /* Products */ = {
			isa = PBXGroup;
			children = (
				D0E3372E1DE7CD950096337B /* MyWebBookmarks.app */,
			);
			name = Products;
			sourceTree = "<group>";
		};
		D0E337301DE7CD950096337B /* MyWebBookmarks */ = {
			isa = PBXGroup;
			children = (
				D0E337311DE7CD950096337B /* AppDelegate.swift */,
				D0E337331DE7CD950096337B /* ViewController.swift */,
				D0E337351DE7CD950096337B /* Main.storyboard */,
				D0DFBC4D1DE7F2580073AF6C /* WebViewController.swift */,
				D0E337461DE7CE6A0096337B /* TableViewController.swift */,
				D0E3373B1DE7CD950096337B /* Assets.xcassets */,
				D0E3373D1DE7CD950096337B /* LaunchScreen.storyboard */,
				D0E337401DE7CD950096337B /* Info.plist */,
				D0E337381DE7CD950096337B /* MyWebBookmarks.xcdatamodeld */,
			);
			path = MyWebBookmarks;
			sourceTree = "<group>";
		};
/* End PBXGroup section */

/* Begin PBXNativeTarget section */
		D0E3372D1DE7CD940096337B /* MyWebBookmarks */ = {
			isa = PBXNativeTarget;
			buildConfigurationList = D0E337431DE7CD950096337B /* Build configuration list for PBXNativeTarget "MyWebBookmarks" */;
			buildPhases = (
				D0E3372A1DE7CD940096337B /* Sources */,
				D0E3372B1DE7CD940096337B /* Frameworks */,
				D0E3372C1DE7CD940096337B /* Resources */,
			);
			buildRules = (
			);
			dependencies = (
			);
			name = MyWebBookmarks;
			productName = MyWebBookmarks;
			productReference = D0E3372E1DE7CD950096337B /* MyWebBookmarks.app */;
			productType = "com.apple.product-type.application";
		};
/* End PBXNativeTarget section */

/* Begin PBXProject section */
		D0E337261DE7CD940096337B /* Project object */ = {
			isa = PBXProject;
			attributes = {
				LastSwiftUpdateCheck = 0810;
				LastUpgradeCheck = 0810;
				ORGANIZATIONNAME = "Petra Christian University";
				TargetAttributes = {
					D0E3372D1DE7CD940096337B = {
						CreatedOnToolsVersion = 8.1;
						DevelopmentTeam = 6QFEMS6AED;
						ProvisioningStyle = Automatic;
					};
				};
			};
			buildConfigurationList = D0E337291DE7CD940096337B /* Build configuration list for PBXProject "MyWebBookmarks" */;
			compatibilityVersion = "Xcode 3.2";
			developmentRegion = English;
			hasScannedForEncodings = 0;
			knownRegions = (
				en,
				Base,
			);
			mainGroup = D0E337251DE7CD940096337B;
			productRefGroup = D0E3372F1DE7CD950096337B /* Products */;
			projectDirPath = "";
			projectRoot = "";
			targets = (
				D0E3372D1DE7CD940096337B /* MyWebBookmarks */,
			);
		};
/* End PBXProject section */

/* Begin PBXResourcesBuildPhase section */
		D0E3372C1DE7CD940096337B /* Resources */ = {
			isa = PBXResourcesBuildPhase;
			buildActionMask = 2147483647;
			files = (
				D0E3373F1DE7CD950096337B /* LaunchScreen.storyboard in Resources */,
				D0E3373C1DE7CD950096337B /* Assets.xcassets in Resources */,
				D0E337371DE7CD950096337B /* Main.storyboard in Resources */,
			);
			runOnlyForDeploymentPostprocessing = 0;
		};
/* End PBXResourcesBuildPhase section */

/* Begin PBXSourcesBuildPhase section */
		D0E3372A1DE7CD940096337B /* Sources */ = {
			isa = PBXSourcesBuildPhase;
			buildActionMask = 2147483647;
			files = (
				D0E337341DE7CD950096337B /* ViewController.swift in Sources */,
				D0E3373A1DE7CD950096337B /* MyWebBookmarks.xcdatamodeld in Sources */,
				D0E337321DE7CD950096337B /* AppDelegate.swift in Sources */,
				D0DFBC4E1DE7F2580073AF6C /* WebViewController.swift in Sources */,
				D0E337471DE7CE6A0096337B /* TableViewController.swift in Sources */,
			);
			runOnlyForDeploymentPostprocessing = 0;
		};
/* End PBXSourcesBuildPhase section */

/* Begin PBXVariantGroup section */
		D0E337351DE7CD950096337B /* Main.storyboard */ = {
			isa = PBXVariantGroup;
			children = (
				D0E337361DE7CD950096337B /* Base */,
			);
			name = Main.storyboard;
			sourceTree = "<group>";
		};
		D0E3373D1DE7CD950096337B /* LaunchScreen.storyboard */ = {
			isa = PBXVariantGroup;
			children = (
				D0E3373E1DE7CD950096337B /* Base */,
			);
			name = LaunchScreen.storyboard;
			sourceTree = "<group>";
		};
/* End PBXVariantGroup section */

/* Begin XCBuildConfiguration section */
		D0E337411DE7CD950096337B /* Debug */ = {
			isa = XCBuildConfiguration;
			buildSettings = {
				ALWAYS_SEARCH_USER_PATHS = NO;
				CLANG_ANALYZER_NONNULL = YES;
				CLANG_CXX_LANGUAGE_STANDARD = "gnu++0x";
				CLANG_CXX_LIBRARY = "libc++";
				CLANG_ENABLE_MODULES = YES;
				CLANG_ENABLE_OBJC_ARC = YES;
				CLANG_WARN_BOOL_CONVERSION = YES;
				CLANG_WARN_CONSTANT_CONVERSION = YES;
				CLANG_WARN_DIRECT_OBJC_ISA_USAGE = YES_ERROR;
				CLANG_WARN_DOCUMENTATION_COMMENTS = YES;
				CLANG_WARN_EMPTY_BODY = YES;
				CLANG_WARN_ENUM_CONVERSION = YES;
				CLANG_WARN_INFINITE_RECURSION = YES;
				CLANG_WARN_INT_CONVERSION = YES;
				CLANG_WARN_OBJC_ROOT_CLASS = YES_ERROR;
				CLANG_WARN_SUSPICIOUS_MOVES = YES;
				CLANG_WARN_UNREACHABLE_CODE = YES;
				CLANG_WARN__DUPLICATE_METHOD_MATCH = YES;
				"CODE_SIGN_IDENTITY[sdk=iphoneos*]" = "iPhone Developer";
				COPY_PHASE_STRIP = NO;
				DEBUG_INFORMATION_FORMAT = dwarf;
				ENABLE_STRICT_OBJC_MSGSEND = YES;
				ENABLE_TESTABILITY = YES;
				GCC_C_LANGUAGE_STANDARD = gnu99;
				GCC_DYNAMIC_NO_PIC = NO;
				GCC_NO_COMMON_BLOCKS = YES;
				GCC_OPTIMIZATION_LEVEL = 0;
				GCC_PREPROCESSOR_DEFINITIONS = (
					"DEBUG=1",
					"$(inherited)",
				);
				GCC_WARN_64_TO_32_BIT_CONVERSION = YES;
				GCC_WARN_ABOUT_RETURN_TYPE = YES_ERROR;
				GCC_WARN_UNDECLARED_SELECTOR = YES;
				GCC_WARN_UNINITIALIZED_AUTOS = YES_AGGRESSIVE;
				GCC_WARN_UNUSED_FUNCTION = YES;
				GCC_WARN_UNUSED_VARIABLE = YES;
				IPHONEOS_DEPLOYMENT_TARGET = 10.1;
				MTL_ENABLE_DEBUG_INFO = YES;
				ONLY_ACTIVE_ARCH = YES;
				SDKROOT = iphoneos;
				SWIFT_ACTIVE_COMPILATION_CONDITIONS = DEBUG;
				SWIFT_OPTIMIZATION_LEVEL = "-Onone";
			};
			name = Debug;
		};
		D0E337421DE7CD950096337B /* Release */ = {
			isa = XCBuildConfiguration;
			buildSettings = {
				ALWAYS_SEARCH_USER_PATHS = NO;
				CLANG_ANALYZER_NONNULL = YES;
				CLANG_CXX_LANGUAGE_STANDARD = "gnu++0x";
				CLANG_CXX_LIBRARY = "libc++";
				CLANG_ENABLE_MODULES = YES;
				CLANG_ENABLE_OBJC_ARC = YES;
				CLANG_WARN_BOOL_CONVERSION = YES;
				CLANG_WARN_CONSTANT_CONVERSION = YES;
				CLANG_WARN_DIRECT_OBJC_ISA_USAGE = YES_ERROR;
				CLANG_WARN_DOCUMENTATION_COMMENTS = YES;
				CLANG_WARN_EMPTY_BODY = YES;
				CLANG_WARN_ENUM_CONVERSION = YES;
				CLANG_WARN_INFINITE_RECURSION = YES;
				CLANG_WARN_INT_CONVERSION = YES;
				CLANG_WARN_OBJC_ROOT_CLASS = YES_ERROR;
				CLANG_WARN_SUSPICIOUS_MOVES = YES;
				CLANG_WARN_UNREACHABLE_CODE = YES;
				CLANG_WARN__DUPLICATE_METHOD_MATCH = YES;
				"CODE_SIGN_IDENTITY[sdk=iphoneos*]" = "iPhone Developer";
				COPY_PHASE_STRIP = NO;
				DEBUG_INFORMATION_FORMAT = "dwarf-with-dsym";
				ENABLE_NS_ASSERTIONS = NO;
				ENABLE_STRICT_OBJC_MSGSEND = YES;
				GCC_C_LANGUAGE_STANDARD = gnu99;
				GCC_NO_COMMON_BLOCKS = YES;
				GCC_WARN_64_TO_32_BIT_CONVERSION = YES;
				GCC_WARN_ABOUT_RETURN_TYPE = YES_ERROR;
				GCC_WARN_UNDECLARED_SELECTOR = YES;
				GCC_WARN_UNINITIALIZED_AUTOS = YES_AGGRESSIVE;
				GCC_WARN_UNUSED_FUNCTION = YES;
				GCC_WARN_UNUSED_VARIABLE = YES;
				IPHONEOS_DEPLOYMENT_TARGET = 10.1;
				MTL_ENABLE_DEBUG_INFO = NO;
				SDKROOT = iphoneos;
				SWIFT_OPTIMIZATION_LEVEL = "-Owholemodule";
				VALIDATE_PRODUCT = YES;
			};
			name = Release;
		};
		D0E337441DE7CD950096337B /* Debug */ = {
			isa = XCBuildConfiguration;
			buildSettings = {
				ALWAYS_EMBED_SWIFT_STANDARD_LIBRARIES = NO;
				ASSETCATALOG_COMPILER_APPICON_NAME = AppIcon;
				DEVELOPMENT_TEAM = 6QFEMS6AED;
				EMBED_ASSET_PACKS_IN_PRODUCT_BUNDLE = YES;
				INFOPLIST_FILE = MyWebBookmarks/Info.plist;
				LD_RUNPATH_SEARCH_PATHS = "$(inherited) @executable_path/Frameworks";
				PRODUCT_BUNDLE_IDENTIFIER = id.ac.petra.MyWebBookmarks;
				PRODUCT_NAME = "$(TARGET_NAME)";
				SWIFT_VERSION = 3.0;
			};
			name = Debug;
		};
		D0E337451DE7CD950096337B /* Release */ = {
			isa = XCBuildConfiguration;
			buildSettings = {
				ALWAYS_EMBED_SWIFT_STANDARD_LIBRARIES = NO;
				ASSETCATALOG_COMPILER_APPICON_NAME = AppIcon;
				DEVELOPMENT_TEAM = 6QFEMS6AED;
				EMBED_ASSET_PACKS_IN_PRODUCT_BUNDLE = YES;
				INFOPLIST_FILE = MyWebBookmarks/Info.plist;
				LD_RUNPATH_SEARCH_PATHS = "$(inherited) @executable_path/Frameworks";
				PRODUCT_BUNDLE_IDENTIFIER = id.ac.petra.MyWebBookmarks;
				PRODUCT_NAME = "$(TARGET_NAME)";
				SWIFT_VERSION = 3.0;
			};
			name = Release;
		};
/* End XCBuildConfiguration section */

/* Begin XCConfigurationList section */
		D0E337291DE7CD940096337B /* Build configuration list for PBXProject "MyWebBookmarks" */ = {
			isa = XCConfigurationList;
			buildConfigurations = (
				D0E337411DE7CD950096337B /* Debug */,
				D0E337421DE7CD950096337B /* Release */,
			);
			defaultConfigurationIsVisible = 0;
			defaultConfigurationName = Release;
		};
		D0E337431DE7CD950096337B /* Build configuration list for PBXNativeTarget "MyWebBookmarks" */ = {
			isa = XCConfigurationList;
			buildConfigurations = (
				D0E337441DE7CD950096337B /* Debug */,
				D0E337451DE7CD950096337B /* Release */,
			);
			defaultConfigurationIsVisible = 0;
			defaultConfigurationName = Release;
		};
/* End XCConfigurationList section */

/* Begin XCVersionGroup section */
		D0E337381DE7CD950096337B /* MyWebBookmarks.xcdatamodeld */ = {
			isa = XCVersionGroup;
			children = (
				D0E337391DE7CD950096337B /* MyWebBookmarks.xcdatamodel */,
			);
			currentVersion = D0E337391DE7CD950096337B /* MyWebBookmarks.xcdatamodel */;
			path = MyWebBookmarks.xcdatamodeld;
			sourceTree = "<group>";
			versionGroupType = wrapper.xcdatamodel;
		};
/* End XCVersionGroup section */
	};
	rootObject = D0E337261DE7CD940096337B /* Project object */;
}
